
Microsoft Visual Studio Solution File, Format Version 12.00
# Visual Studio Version 18
VisualStudioVersion = 18.5.11612.153 insiders
MinimumVisualStudioVersion = 10.0.40219.1
Project("{FAE04EC0-301F-11D3-BF4B-00C04F79EFBC}") = "WeatherWorkerService", "WeatherWorkerService.csproj", "{E9BCE42F-85F4-AA39-95E7-47ECD2BF9A88}"
EndProject
Global
	GlobalSection(SolutionConfigurationPlatforms) = preSolution
		Debug|Any CPU = Debug|Any CPU
		Release|Any CPU = Release|Any CPU
	EndGlobalSection
	GlobalSection(ProjectConfigurationPlatforms) = postSolution
		{E9BCE42F-85F4-AA39-95E7-47ECD2BF9A88}.Debug|Any CPU.ActiveCfg = Debug|Any CPU
		{E9BCE42F-85F4-AA39-95E7-47ECD2BF9A88}.Debug|Any CPU.Build.0 = Debug|Any CPU
		{E9BCE42F-85F4-AA39-95E7-47ECD2BF9A88}.Release|Any CPU.ActiveCfg = Release|Any CPU
		{E9BCE42F-85F4-AA39-95E7-47ECD2BF9A88}.Release|Any CPU.Build.0 = Release|Any CPU
	EndGlobalSection
	GlobalSection(SolutionProperties) = preSolution
		HideSolutionNode = FALSE
	EndGlobalSection
	GlobalSection(ExtensibilityGlobals) = postSolution
		SolutionGuid = {B8B70C3D-088A-4623-94EE-15FD489C428D}
	EndGlobalSection
EndGlobal
